# THIS IS AN AUTOGENERATED FILE. DO NOT EDIT THIS FILE DIRECTLY.
# yarn lockfile v1


git-last-commit@^1.0.1:
  version "1.0.1"
  resolved "https://registry.yarnpkg.com/git-last-commit/-/git-last-commit-1.0.1.tgz#749323f09e8317c2c2878f99eeffff33650c3d57"
  integrity sha512-FDSgeMqa7GnJDxt/q0AbrxbfeTyxp4ImxEw1e4nw6NUHA5FMhFUq33dTXI4Xdgcj1VQ1q5QLWF6WxFrJ8KCBOg==
